// !$*UTF8*$!
{
	archiveVersion = 1;
	classes = {
	};
	objectVersion = 50;
	objects = {

/* Begin PBXBuildFile section */
		BE7C33E6267F78BC00911F24 /* AppDelegate.swift in Sources */ = {isa = PBXBuildFile; fileRef = BE7C33E5267F78BC00911F24 /* AppDelegate.swift */; };
		BE7C33E8267F78BC00911F24 /* SceneDelegate.swift in Sources */ = {isa = PBXBuildFile; fileRef = BE7C33E7267F78BC00911F24 /* SceneDelegate.swift */; };
		BE7C33EA267F78BC00911F24 /* ViewController.swift in Sources */ = {isa = PBXBuildFile; fileRef = BE7C33E9267F78BC00911F24 /* ViewController.swift */; };
		BE7C33ED267F78BC00911F24 /* Main.storyboard in Resources */ = {isa = PBXBuildFile; fileRef = BE7C33EB267F78BC00911F24 /* Main.storyboard */; };
		BE7C33EF267F78BC00911F24 /* Assets.xcassets in Resources */ = {isa = PBXBuildFile; fileRef = BE7C33EE267F78BC00911F24 /* Assets.xcassets */; };
		BE7C33F2267F78BC00911F24 /* LaunchScreen.storyboard in Resources */ = {isa = PBXBuildFile; fileRef = BE7C33F0267F78BC00911F24 /* LaunchScreen.storyboard */; };
		BE7C33FD267F78BC00911F24 /* CountUpAppTests.swift in Sources */ = {isa = PBXBuildFile; fileRef = BE7C33FC267F78BC00911F24 /* CountUpAppTests.swift */; };
		BE7C3408267F78BC00911F24 /* CountUpAppUITests.swift in Sources */ = {isa = PBXBuildFile; fileRef = BE7C3407267F78BC00911F24 /* CountUpAppUITests.swift */; };
/* End PBXBuildFile section */

/* Begin PBXContainerItemProxy section */
		BE7C33F9267F78BC00911F24 /* PBXContainerItemProxy */ = {
			isa = PBXContainerItemProxy;
			containerPortal = BE7C33DA267F78BC00911F24 /* Project object */;
			proxyType = 1;
			remoteGlobalIDString = BE7C33E1267F78BC00911F24;
			remoteInfo = CountUpApp;
		};
		BE7C3404267F78BC00911F24 /* PBXContainerItemProxy */ = {
			isa = PBXContainerItemProxy;
			containerPortal = BE7C33DA267F78BC00911F24 /* Project object */;
			proxyType = 1;
			remoteGlobalIDString = BE7C33E1267F78BC00911F24;
			remoteInfo = CountUpApp;
		};
/* End PBXContainerItemProxy section */

/* Begin PBXFileReference section */
		BE7C33E2267F78BC00911F24 /* CountUpApp.app */ = {isa = PBXFileReference; explicitFileType = wrapper.application; includeInIndex = 0; path = CountUpApp.app; sourceTree = BUILT_PRODUCTS_DIR; };
		BE7C33E5267F78BC00911F24 /* AppDelegate.swift */ = {isa = PBXFileReference; lastKnownFileType = sourcecode.swift; path = AppDelegate.swift; sourceTree = "<group>"; };
		BE7C33E7267F78BC00911F24 /* SceneDelegate.swift */ = {isa = PBXFileReference; lastKnownFileType = sourcecode.swift; path = SceneDelegate.swift; sourceTree = "<group>"; };
		BE7C33E9267F78BC00911F24 /* ViewController.swift */ = {isa = PBXFileReference; lastKnownFileType = sourcecode.swift; path = ViewController.swift; sourceTree = "<group>"; };
		BE7C33EC267F78BC00911F24 /* Base */ = {isa = PBXFileReference; lastKnownFileType = file.storyboard; name = Base; path = Base.lproj/Main.storyboard; sourceTree = "<group>"; };
		BE7C33EE267F78BC00911F24 /* Assets.xcassets */ = {isa = PBXFileReference; lastKnownFileType = folder.assetcatalog; path = Assets.xcassets; sourceTree = "<group>"; };
		BE7C33F1267F78BC00911F24 /* Base */ = {isa = PBXFileReference; lastKnownFileType = file.storyboard; name = Base; path = Base.lproj/LaunchScreen.storyboard; sourceTree = "<group>"; };
		BE7C33F3267F78BC00911F24 /* Info.plist */ = {isa = PBXFileReference; lastKnownFileType = text.plist.xml; path = Info.plist; sourceTree = "<group>"; };
		BE7C33F8267F78BC00911F24 /* CountUpAppTests.xctest */ = {isa = PBXFileReference; explicitFileType = wrapper.cfbundle; includeInIndex = 0; path = CountUpAppTests.xctest; sourceTree = BUILT_PRODUCTS_DIR; };
		BE7C33FC267F78BC00911F24 /* CountUpAppTests.swift */ = {isa = PBXFileReference; lastKnownFileType = sourcecode.swift; path = CountUpAppTests.swift; sourceTree = "<group>"; };
		BE7C33FE267F78BC00911F24 /* Info.plist */ = {isa = PBXFileReference; lastKnownFileType = text.plist.xml; path = Info.plist; sourceTree = "<group>"; };
		BE7C3403267F78BC00911F24 /* CountUpAppUITests.xctest */ = {isa = PBXFileReference; explicitFileType = wrapper.cfbundle; includeInIndex = 0; path = CountUpAppUITests.xctest; sourceTree = BUILT_PRODUCTS_DIR; };
		BE7C3407267F78BC00911F24 /* CountUpAppUITests.swift */ = {isa = PBXFileReference; lastKnownFileType = sourcecode.swift; path = CountUpAppUITests.swift; sourceTree = "<group>"; };
		BE7C3409267F78BC00911F24 /* Info.plist */ = {isa = PBXFileReference; lastKnownFileType = text.plist.xml; path = Info.plist; sourceTree = "<group>"; };
/* End PBXFileReference section */

/* Begin PBXFrameworksBuildPhase section */
		BE7C33DF267F78BC00911F24 /* Frameworks */ = {
			isa = PBXFrameworksBuildPhase;
			buildActionMask = 2147483647;
			files = (
			);
			runOnlyForDeploymentPostprocessing = 0;
		};
		BE7C33F5267F78BC00911F24 /* Frameworks */ = {
			isa = PBXFrameworksBuildPhase;
			buildActionMask = 2147483647;
			files = (
			);
			runOnlyForDeploymentPostprocessing = 0;
		};
		BE7C3400267F78BC00911F24 /* Frameworks */ = {
			isa = PBXFrameworksBuildPhase;
			buildActionMask = 2147483647;
			files = (
			);
			runOnlyForDeploymentPostprocessing = 0;
		};
/* End PBXFrameworksBuildPhase section */

/* Begin PBXGroup section */
		BE7C33D9267F78BC00911F24 = {
			isa = PBXGroup;
			children = (
				BE7C33E4267F78BC00911F24 /* CountUpApp */,
				BE7C33FB267F78BC00911F24 /* CountUpAppTests */,
				BE7C3406267F78BC00911F24 /* CountUpAppUITests */,
				BE7C33E3267F78BC00911F24 /* Products */,
			);
			sourceTree = "<group>";
		};
		BE7C33E3267F78BC00911F24 /* Products */ = {
			isa = PBXGroup;
			children = (
				BE7C33E2267F78BC00911F24 /* CountUpApp.app */,
				BE7C33F8267F78BC00911F24 /* CountUpAppTests.xctest */,
				BE7C3403267F78BC00911F24 /* CountUpAppUITests.xctest */,
			);
			name = Products;
			sourceTree = "<group>";
		};
		BE7C33E4267F78BC00911F24 /* CountUpApp */ = {
			isa = PBXGroup;
			children = (
				BE7C33E5267F78BC00911F24 /* AppDelegate.swift */,
				BE7C33E7267F78BC00911F24 /* SceneDelegate.swift */,
				BE7C33E9267F78BC00911F24 /* ViewController.swift */,
				BE7C33EB267F78BC00911F24 /* Main.storyboard */,
				BE7C33EE267F78BC00911F24 /* Assets.xcassets */,
				BE7C33F0267F78BC00911F24 /* LaunchScreen.storyboard */,
				BE7C33F3267F78BC00911F24 /* Info.plist */,
			);
			path = CountUpApp;
			sourceTree = "<group>";
		};
		BE7C33FB267F78BC00911F24 /* CountUpAppTests */ = {
			isa = PBXGroup;
			children = (
				BE7C33FC267F78BC00911F24 /* CountUpAppTests.swift */,
				BE7C33FE267F78BC00911F24 /* Info.plist */,
			);
			path = CountUpAppTests;
			sourceTree = "<group>";
		};
		BE7C3406267F78BC00911F24 /* CountUpAppUITests */ = {
			isa = PBXGroup;
			children = (
				BE7C3407267F78BC00911F24 /* CountUpAppUITests.swift */,
				BE7C3409267F78BC00911F24 /* Info.plist */,
			);
			path = CountUpAppUITests;
			sourceTree = "<group>";
		};
/* End PBXGroup section */

/* Begin PBXNativeTarget section */
		BE7C33E1267F78BC00911F24 /* CountUpApp */ = {
			isa = PBXNativeTarget;
			buildConfigurationList = BE7C340C267F78BC00911F24 /* Build configuration list for PBXNativeTarget "CountUpApp" */;
			buildPhases = (
				BE7C33DE267F78BC00911F24 /* Sources */,
				BE7C33DF267F78BC00911F24 /* Frameworks */,
				BE7C33E0267F78BC00911F24 /* Resources */,
			);
			buildRules = (
			);
			dependencies = (
			);
			name = CountUpApp;
			productName = CountUpApp;
			productReference = BE7C33E2267F78BC00911F24 /* CountUpApp.app */;
			productType = "com.apple.product-type.application";
		};
		BE7C33F7267F78BC00911F24 /* CountUpAppTests */ = {
			isa = PBXNativeTarget;
			buildConfigurationList = BE7C340F267F78BC00911F24 /* Build configuration list for PBXNativeTarget "CountUpAppTests" */;
			buildPhases = (
				BE7C33F4267F78BC00911F24 /* Sources */,
				BE7C33F5267F78BC00911F24 /* Frameworks */,
				BE7C33F6267F78BC00911F24 /* Resources */,
			);
			buildRules = (
			);
			dependencies = (
				BE7C33FA267F78BC00911F24 /* PBXTargetDependency */,
			);
			name = CountUpAppTests;
			productName = CountUpAppTests;
			productReference = BE7C33F8267F78BC00911F24 /* CountUpAppTests.xctest */;
			productType = "com.apple.product-type.bundle.unit-test";
		};
		BE7C3402267F78BC00911F24 /* CountUpAppUITests */ = {
			isa = PBXNativeTarget;
			buildConfigurationList = BE7C3412267F78BC00911F24 /* Build configuration list for PBXNativeTarget "CountUpAppUITests" */;
			buildPhases = (
				BE7C33FF267F78BC00911F24 /* Sources */,
				BE7C3400267F78BC00911F24 /* Frameworks */,
				BE7C3401267F78BC00911F24 /* Resources */,
			);
			buildRules = (
			);
			dependencies = (
				BE7C3405267F78BC00911F24 /* PBXTargetDependency */,
			);
			name = CountUpAppUITests;
			productName = CountUpAppUITests;
			productReference = BE7C3403267F78BC00911F24 /* CountUpAppUITests.xctest */;
			productType = "com.apple.product-type.bundle.ui-testing";
		};
/* End PBXNativeTarget section */

/* Begin PBXProject section */
		BE7C33DA267F78BC00911F24 /* Project object */ = {
			isa = PBXProject;
			attributes = {
				LastSwiftUpdateCheck = 1250;
				LastUpgradeCheck = 1250;
				TargetAttributes = {
					BE7C33E1267F78BC00911F24 = {
						CreatedOnToolsVersion = 12.5;
					};
					BE7C33F7267F78BC00911F24 = {
						CreatedOnToolsVersion = 12.5;
						TestTargetID = BE7C33E1267F78BC00911F24;
					};
					BE7C3402267F78BC00911F24 = {
						CreatedOnToolsVersion = 12.5;
						TestTargetID = BE7C33E1267F78BC00911F24;
					};
				};
			};
			buildConfigurationList = BE7C33DD267F78BC00911F24 /* Build configuration list for PBXProject "CountUpApp" */;
			compatibilityVersion = "Xcode 9.3";
			developmentRegion = en;
			hasScannedForEncodings = 0;
			knownRegions = (
				en,
				Base,
			);
			mainGroup = BE7C33D9267F78BC00911F24;
			productRefGroup = BE7C33E3267F78BC00911F24 /* Products */;
			projectDirPath = "";
			projectRoot = "";
			targets = (
				BE7C33E1267F78BC00911F24 /* CountUpApp */,
				BE7C33F7267F78BC00911F24 /* CountUpAppTests */,
				BE7C3402267F78BC00911F24 /* CountUpAppUITests */,
			);
		};
/* End PBXProject section */

/* Begin PBXResourcesBuildPhase section */
		BE7C33E0267F78BC00911F24 /* Resources */ = {
			isa = PBXResourcesBuildPhase;
			buildActionMask = 2147483647;
			files = (
				BE7C33F2267F78BC00911F24 /* LaunchScreen.storyboard in Resources */,
				BE7C33EF267F78BC00911F24 /* Assets.xcassets in Resources */,
				BE7C33ED267F78BC00911F24 /* Main.storyboard in Resources */,
			);
			runOnlyForDeploymentPostprocessing = 0;
		};
		BE7C33F6267F78BC00911F24 /* Resources */ = {
			isa = PBXResourcesBuildPhase;
			buildActionMask = 2147483647;
			files = (
			);
			runOnlyForDeploymentPostprocessing = 0;
		};
		BE7C3401267F78BC00911F24 /* Resources */ = {
			isa = PBXResourcesBuildPhase;
			buildActionMask = 2147483647;
			files = (
			);
			runOnlyForDeploymentPostprocessing = 0;
		};
/* End PBXResourcesBuildPhase section */

/* Begin PBXSourcesBuildPhase section */
		BE7C33DE267F78BC00911F24 /* Sources */ = {
			isa = PBXSourcesBuildPhase;
			buildActionMask = 2147483647;
			files = (
				BE7C33EA267F78BC00911F24 /* ViewController.swift in Sources */,
				BE7C33E6267F78BC00911F24 /* AppDelegate.swift in Sources */,
				BE7C33E8267F78BC00911F24 /* SceneDelegate.swift in Sources */,
			);
			runOnlyForDeploymentPostprocessing = 0;
		};
		BE7C33F4267F78BC00911F24 /* Sources */ = {
			isa = PBXSourcesBuildPhase;
			buildActionMask = 2147483647;
			files = (
				BE7C33FD267F78BC00911F24 /* CountUpAppTests.swift in Sources */,
			);
			runOnlyForDeploymentPostprocessing = 0;
		};
		BE7C33FF267F78BC00911F24 /* Sources */ = {
			isa = PBXSourcesBuildPhase;
			buildActionMask = 2147483647;
			files = (
				BE7C3408267F78BC00911F24 /* CountUpAppUITests.swift in Sources */,
			);
			runOnlyForDeploymentPostprocessing = 0;
		};
/* End PBXSourcesBuildPhase section */

/* Begin PBXTargetDependency section */
		BE7C33FA267F78BC00911F24 /* PBXTargetDependency */ = {
			isa = PBXTargetDependency;
			target = BE7C33E1267F78BC00911F24 /* CountUpApp */;
			targetProxy = BE7C33F9267F78BC00911F24 /* PBXContainerItemProxy */;
		};
		BE7C3405267F78BC00911F24 /* PBXTargetDependency */ = {
			isa = PBXTargetDependency;
			target = BE7C33E1267F78BC00911F24 /* CountUpApp */;
			targetProxy = BE7C3404267F78BC00911F24 /* PBXContainerItemProxy */;
		};
/* End PBXTargetDependency section */

/* Begin PBXVariantGroup section */
		BE7C33EB267F78BC00911F24 /* Main.storyboard */ = {
			isa = PBXVariantGroup;
			children = (
				BE7C33EC267F78BC00911F24 /* Base */,
			);
			name = Main.storyboard;
			sourceTree = "<group>";
		};
		BE7C33F0267F78BC00911F24 /* LaunchScreen.storyboard */ = {
			isa = PBXVariantGroup;
			children = (
				BE7C33F1267F78BC00911F24 /* Base */,
			);
			name = LaunchScreen.storyboard;
			sourceTree = "<group>";
		};
/* End PBXVariantGroup section */

/* Begin XCBuildConfiguration section */
		BE7C340A267F78BC00911F24 /* Debug */ = {
			isa = XCBuildConfiguration;
			buildSettings = {
				ALWAYS_SEARCH_USER_PATHS = NO;
				CLANG_ANALYZER_NONNULL = YES;
				CLANG_ANALYZER_NUMBER_OBJECT_CONVERSION = YES_AGGRESSIVE;
				CLANG_CXX_LANGUAGE_STANDARD = "gnu++14";
				CLANG_CXX_LIBRARY = "libc++";
				CLANG_ENABLE_MODULES = YES;
				CLANG_ENABLE_OBJC_ARC = YES;
				CLANG_ENABLE_OBJC_WEAK = YES;
				CLANG_WARN_BLOCK_CAPTURE_AUTORELEASING = YES;
				CLANG_WARN_BOOL_CONVERSION = YES;
				CLANG_WARN_COMMA = YES;
				CLANG_WARN_CONSTANT_CONVERSION = YES;
				CLANG_WARN_DEPRECATED_OBJC_IMPLEMENTATIONS = YES;
				CLANG_WARN_DIRECT_OBJC_ISA_USAGE = YES_ERROR;
				CLANG_WARN_DOCUMENTATION_COMMENTS = YES;
				CLANG_WARN_EMPTY_BODY = YES;
				CLANG_WARN_ENUM_CONVERSION = YES;
				CLANG_WARN_INFINITE_RECURSION = YES;
				CLANG_WARN_INT_CONVERSION = YES;
				CLANG_WARN_NON_LITERAL_NULL_CONVERSION = YES;
				CLANG_WARN_OBJC_IMPLICIT_RETAIN_SELF = YES;
				CLANG_WARN_OBJC_LITERAL_CONVERSION = YES;
				CLANG_WARN_OBJC_ROOT_CLASS = YES_ERROR;
				CLANG_WARN_QUOTED_INCLUDE_IN_FRAMEWORK_HEADER = YES;
				CLANG_WARN_RANGE_LOOP_ANALYSIS = YES;
				CLANG_WARN_STRICT_PROTOTYPES = YES;
				CLANG_WARN_SUSPICIOUS_MOVE = YES;
				CLANG_WARN_UNGUARDED_AVAILABILITY = YES_AGGRESSIVE;
				CLANG_WARN_UNREACHABLE_CODE = YES;
				CLANG_WARN__DUPLICATE_METHOD_MATCH = YES;
				COPY_PHASE_STRIP = NO;
				DEBUG_INFORMATION_FORMAT = dwarf;
				ENABLE_STRICT_OBJC_MSGSEND = YES;
				ENABLE_TESTABILITY = YES;
				GCC_C_LANGUAGE_STANDARD = gnu11;
				GCC_DYNAMIC_NO_PIC = NO;
				GCC_NO_COMMON_BLOCKS = YES;
				GCC_OPTIMIZATION_LEVEL = 0;
				GCC_PREPROCESSOR_DEFINITIONS = (
					"DEBUG=1",
					"$(inherited)",
				);
				GCC_WARN_64_TO_32_BIT_CONVERSION = YES;
				GCC_WARN_ABOUT_RETURN_TYPE = YES_ERROR;
				GCC_WARN_UNDECLARED_SELECTOR = YES;
				GCC_WARN_UNINITIALIZED_AUTOS = YES_AGGRESSIVE;
				GCC_WARN_UNUSED_FUNCTION = YES;
				GCC_WARN_UNUSED_VARIABLE = YES;
				IPHONEOS_DEPLOYMENT_TARGET = 14.5;
				MTL_ENABLE_DEBUG_INFO = INCLUDE_SOURCE;
				MTL_FAST_MATH = YES;
				ONLY_ACTIVE_ARCH = YES;
				SDKROOT = iphoneos;
				SWIFT_ACTIVE_COMPILATION_CONDITIONS = DEBUG;
				SWIFT_OPTIMIZATION_LEVEL = "-Onone";
			};
			name = Debug;
		};
		BE7C340B267F78BC00911F24 /* Release */ = {
			isa = XCBuildConfiguration;
			buildSettings = {
				ALWAYS_SEARCH_USER_PATHS = NO;
				CLANG_ANALYZER_NONNULL = YES;
				CLANG_ANALYZER_NUMBER_OBJECT_CONVERSION = YES_AGGRESSIVE;
				CLANG_CXX_LANGUAGE_STANDARD = "gnu++14";
				CLANG_CXX_LIBRARY = "libc++";
				CLANG_ENABLE_MODULES = YES;
				CLANG_ENABLE_OBJC_ARC = YES;
				CLANG_ENABLE_OBJC_WEAK = YES;
				CLANG_WARN_BLOCK_CAPTURE_AUTORELEASING = YES;
				CLANG_WARN_BOOL_CONVERSION = YES;
				CLANG_WARN_COMMA = YES;
				CLANG_WARN_CONSTANT_CONVERSION = YES;
				CLANG_WARN_DEPRECATED_OBJC_IMPLEMENTATIONS = YES;
				CLANG_WARN_DIRECT_OBJC_ISA_USAGE = YES_ERROR;
				CLANG_WARN_DOCUMENTATION_COMMENTS = YES;
				CLANG_WARN_EMPTY_BODY = YES;
				CLANG_WARN_ENUM_CONVERSION = YES;
				CLANG_WARN_INFINITE_RECURSION = YES;
				CLANG_WARN_INT_CONVERSION = YES;
				CLANG_WARN_NON_LITERAL_NULL_CONVERSION = YES;
				CLANG_WARN_OBJC_IMPLICIT_RETAIN_SELF = YES;
				CLANG_WARN_OBJC_LITERAL_CONVERSION = YES;
				CLANG_WARN_OBJC_ROOT_CLASS = YES_ERROR;
				CLANG_WARN_QUOTED_INCLUDE_IN_FRAMEWORK_HEADER = YES;
				CLANG_WARN_RANGE_LOOP_ANALYSIS = YES;
				CLANG_WARN_STRICT_PROTOTYPES = YES;
				CLANG_WARN_SUSPICIOUS_MOVE = YES;
				CLANG_WARN_UNGUARDED_AVAILABILITY = YES_AGGRESSIVE;
				CLANG_WARN_UNREACHABLE_CODE = YES;
				CLANG_WARN__DUPLICATE_METHOD_MATCH = YES;
				COPY_PHASE_STRIP = NO;
				DEBUG_INFORMATION_FORMAT = "dwarf-with-dsym";
				ENABLE_NS_ASSERTIONS = NO;
				ENABLE_STRICT_OBJC_MSGSEND = YES;
				GCC_C_LANGUAGE_STANDARD = gnu11;
				GCC_NO_COMMON_BLOCKS = YES;
				GCC_WARN_64_TO_32_BIT_CONVERSION = YES;
				GCC_WARN_ABOUT_RETURN_TYPE = YES_ERROR;
				GCC_WARN_UNDECLARED_SELECTOR = YES;
				GCC_WARN_UNINITIALIZED_AUTOS = YES_AGGRESSIVE;
				GCC_WARN_UNUSED_FUNCTION = YES;
				GCC_WARN_UNUSED_VARIABLE = YES;
				IPHONEOS_DEPLOYMENT_TARGET = 14.5;
				MTL_ENABLE_DEBUG_INFO = NO;
				MTL_FAST_MATH = YES;
				SDKROOT = iphoneos;
				SWIFT_COMPILATION_MODE = wholemodule;
				SWIFT_OPTIMIZATION_LEVEL = "-O";
				VALIDATE_PRODUCT = YES;
			};
			name = Release;
		};
		BE7C340D267F78BC00911F24 /* Debug */ = {
			isa = XCBuildConfiguration;
			buildSettings = {
				ASSETCATALOG_COMPILER_APPICON_NAME = AppIcon;
				ASSETCATALOG_COMPILER_GLOBAL_ACCENT_COLOR_NAME = AccentColor;
				CODE_SIGN_STYLE = Automatic;
				INFOPLIST_FILE = CountUpApp/Info.plist;
				LD_RUNPATH_SEARCH_PATHS = (
					"$(inherited)",
					"@executable_path/Frameworks",
				);
				PRODUCT_BUNDLE_IDENTIFIER = "com.ken1427.ios-app.CountUpApp";
				PRODUCT_NAME = "$(TARGET_NAME)";
				SWIFT_VERSION = 5.0;
				TARGETED_DEVICE_FAMILY = 1;
			};
			name = Debug;
		};
		BE7C340E267F78BC00911F24 /* Release */ = {
			isa = XCBuildConfiguration;
			buildSettings = {
				ASSETCATALOG_COMPILER_APPICON_NAME = AppIcon;
				ASSETCATALOG_COMPILER_GLOBAL_ACCENT_COLOR_NAME = AccentColor;
				CODE_SIGN_STYLE = Automatic;
				INFOPLIST_FILE = CountUpApp/Info.plist;
				LD_RUNPATH_SEARCH_PATHS = (
					"$(inherited)",
					"@executable_path/Frameworks",
				);
				PRODUCT_BUNDLE_IDENTIFIER = "com.ken1427.ios-app.CountUpApp";
				PRODUCT_NAME = "$(TARGET_NAME)";
				SWIFT_VERSION = 5.0;
				TARGETED_DEVICE_FAMILY = 1;
			};
			name = Release;
		};
		BE7C3410267F78BC00911F24 /* Debug */ = {
			isa = XCBuildConfiguration;
			buildSettings = {
				ALWAYS_EMBED_SWIFT_STANDARD_LIBRARIES = YES;
				BUNDLE_LOADER = "$(TEST_HOST)";
				CODE_SIGN_STYLE = Automatic;
				INFOPLIST_FILE = CountUpAppTests/Info.plist;
				IPHONEOS_DEPLOYMENT_TARGET = 14.5;
				LD_RUNPATH_SEARCH_PATHS = (
					"$(inherited)",
					"@executable_path/Frameworks",
					"@loader_path/Frameworks",
				);
				PRODUCT_BUNDLE_IDENTIFIER = "com.ken1427.ios-app.CountUpAppTests";
				PRODUCT_NAME = "$(TARGET_NAME)";
				SWIFT_VERSION = 5.0;
				TARGETED_DEVICE_FAMILY = "1,2";
				TEST_HOST = "$(BUILT_PRODUCTS_DIR)/CountUpApp.app/CountUpApp";
			};
			name = Debug;
		};
		BE7C3411267F78BC00911F24 /* Release */ = {
			isa = XCBuildConfiguration;
			buildSettings = {
				ALWAYS_EMBED_SWIFT_STANDARD_LIBRARIES = YES;
				BUNDLE_LOADER = "$(TEST_HOST)";
				CODE_SIGN_STYLE = Automatic;
				INFOPLIST_FILE = CountUpAppTests/Info.plist;
				IPHONEOS_DEPLOYMENT_TARGET = 14.5;
				LD_RUNPATH_SEARCH_PATHS = (
					"$(inherited)",
					"@executable_path/Frameworks",
					"@loader_path/Frameworks",
				);
				PRODUCT_BUNDLE_IDENTIFIER = "com.ken1427.ios-app.CountUpAppTests";
				PRODUCT_NAME = "$(TARGET_NAME)";
				SWIFT_VERSION = 5.0;
				TARGETED_DEVICE_FAMILY = "1,2";
				TEST_HOST = "$(BUILT_PRODUCTS_DIR)/CountUpApp.app/CountUpApp";
			};
			name = Release;
		};
		BE7C3413267F78BC00911F24 /* Debug */ = {
			isa = XCBuildConfiguration;
			buildSettings = {
				ALWAYS_EMBED_SWIFT_STANDARD_LIBRARIES = YES;
				CODE_SIGN_STYLE = Automatic;
				INFOPLIST_FILE = CountUpAppUITests/Info.plist;
				LD_RUNPATH_SEARCH_PATHS = (
					"$(inherited)",
					"@executable_path/Frameworks",
					"@loader_path/Frameworks",
				);
				PRODUCT_BUNDLE_IDENTIFIER = "com.ken1427.ios-app.CountUpAppUITests";
				PRODUCT_NAME = "$(TARGET_NAME)";
				SWIFT_VERSION = 5.0;
				TARGETED_DEVICE_FAMILY = "1,2";
				TEST_TARGET_NAME = CountUpApp;
			};
			name = Debug;
		};
		BE7C3414267F78BC00911F24 /* Release */ = {
			isa = XCBuildConfiguration;
			buildSettings = {
				ALWAYS_EMBED_SWIFT_STANDARD_LIBRARIES = YES;
				CODE_SIGN_STYLE = Automatic;
				INFOPLIST_FILE = CountUpAppUITests/Info.plist;
				LD_RUNPATH_SEARCH_PATHS = (
					"$(inherited)",
					"@executable_path/Frameworks",
					"@loader_path/Frameworks",
				);
				PRODUCT_BUNDLE_IDENTIFIER = "com.ken1427.ios-app.CountUpAppUITests";
				PRODUCT_NAME = "$(TARGET_NAME)";
				SWIFT_VERSION = 5.0;
				TARGETED_DEVICE_FAMILY = "1,2";
				TEST_TARGET_NAME = CountUpApp;
			};
			name = Release;
		};
/* End XCBuildConfiguration section */

/* Begin XCConfigurationList section */
		BE7C33DD267F78BC00911F24 /* Build configuration list for PBXProject "CountUpApp" */ = {
			isa = XCConfigurationList;
			buildConfigurations = (
				BE7C340A267F78BC00911F24 /* Debug */,
				BE7C340B267F78BC00911F24 /* Release */,
			);
			defaultConfigurationIsVisible = 0;
			defaultConfigurationName = Release;
		};
		BE7C340C267F78BC00911F24 /* Build configuration list for PBXNativeTarget "CountUpApp" */ = {
			isa = XCConfigurationList;
			buildConfigurations = (
				BE7C340D267F78BC00911F24 /* Debug */,
				BE7C340E267F78BC00911F24 /* Release */,
			);
			defaultConfigurationIsVisible = 0;
			defaultConfigurationName = Release;
		};
		BE7C340F267F78BC00911F24 /* Build configuration list for PBXNativeTarget "CountUpAppTests" */ = {
			isa = XCConfigurationList;
			buildConfigurations = (
				BE7C3410267F78BC00911F24 /* Debug */,
				BE7C3411267F78BC00911F24 /* Release */,
			);
			defaultConfigurationIsVisible = 0;
			defaultConfigurationName = Release;
		};
		BE7C3412267F78BC00911F24 /* Build configuration list for PBXNativeTarget "CountUpAppUITests" */ = {
			isa = XCConfigurationList;
			buildConfigurations = (
				BE7C3413267F78BC00911F24 /* Debug */,
				BE7C3414267F78BC00911F24 /* Release */,
			);
			defaultConfigurationIsVisible = 0;
			defaultConfigurationName = Release;
		};
/* End XCConfigurationList section */
	};
	rootObject = BE7C33DA267F78BC00911F24 /* Project object */;
}
