// !$*UTF8*$!
{
	archiveVersion = 1;
	classes = {
	};
	objectVersion = 50;
	objects = {

/* Begin PBXBuildFile section */
		BEB0157F26808ECB00195D9F /* AppDelegate.swift in Sources */ = {isa = PBXBuildFile; fileRef = BEB0157E26808ECB00195D9F /* AppDelegate.swift */; };
		BEB0158126808ECB00195D9F /* SceneDelegate.swift in Sources */ = {isa = PBXBuildFile; fileRef = BEB0158026808ECB00195D9F /* SceneDelegate.swift */; };
		BEB0158326808ECB00195D9F /* ViewController.swift in Sources */ = {isa = PBXBuildFile; fileRef = BEB0158226808ECB00195D9F /* ViewController.swift */; };
		BEB0158626808ECB00195D9F /* Main.storyboard in Resources */ = {isa = PBXBuildFile; fileRef = BEB0158426808ECB00195D9F /* Main.storyboard */; };
		BEB0158826808ECC00195D9F /* Assets.xcassets in Resources */ = {isa = PBXBuildFile; fileRef = BEB0158726808ECC00195D9F /* Assets.xcassets */; };
		BEB0158B26808ECC00195D9F /* LaunchScreen.storyboard in Resources */ = {isa = PBXBuildFile; fileRef = BEB0158926808ECC00195D9F /* LaunchScreen.storyboard */; };
		BEB0159626808ECC00195D9F /* ColorSelectorAppTests.swift in Sources */ = {isa = PBXBuildFile; fileRef = BEB0159526808ECC00195D9F /* ColorSelectorAppTests.swift */; };
		BEB015A126808ECC00195D9F /* ColorSelectorAppUITests.swift in Sources */ = {isa = PBXBuildFile; fileRef = BEB015A026808ECC00195D9F /* ColorSelectorAppUITests.swift */; };
		BEB015AF2680922800195D9F /* CustomUIView.swift in Sources */ = {isa = PBXBuildFile; fileRef = BEB015AE2680922800195D9F /* CustomUIView.swift */; };
/* End PBXBuildFile section */

/* Begin PBXContainerItemProxy section */
		BEB0159226808ECC00195D9F /* PBXContainerItemProxy */ = {
			isa = PBXContainerItemProxy;
			containerPortal = BEB0157326808ECB00195D9F /* Project object */;
			proxyType = 1;
			remoteGlobalIDString = BEB0157A26808ECB00195D9F;
			remoteInfo = ColorSelectorApp;
		};
		BEB0159D26808ECC00195D9F /* PBXContainerItemProxy */ = {
			isa = PBXContainerItemProxy;
			containerPortal = BEB0157326808ECB00195D9F /* Project object */;
			proxyType = 1;
			remoteGlobalIDString = BEB0157A26808ECB00195D9F;
			remoteInfo = ColorSelectorApp;
		};
/* End PBXContainerItemProxy section */

/* Begin PBXFileReference section */
		BEB0157B26808ECB00195D9F /* ColorSelectorApp.app */ = {isa = PBXFileReference; explicitFileType = wrapper.application; includeInIndex = 0; path = ColorSelectorApp.app; sourceTree = BUILT_PRODUCTS_DIR; };
		BEB0157E26808ECB00195D9F /* AppDelegate.swift */ = {isa = PBXFileReference; lastKnownFileType = sourcecode.swift; path = AppDelegate.swift; sourceTree = "<group>"; };
		BEB0158026808ECB00195D9F /* SceneDelegate.swift */ = {isa = PBXFileReference; lastKnownFileType = sourcecode.swift; path = SceneDelegate.swift; sourceTree = "<group>"; };
		BEB0158226808ECB00195D9F /* ViewController.swift */ = {isa = PBXFileReference; lastKnownFileType = sourcecode.swift; path = ViewController.swift; sourceTree = "<group>"; };
		BEB0158526808ECB00195D9F /* Base */ = {isa = PBXFileReference; lastKnownFileType = file.storyboard; name = Base; path = Base.lproj/Main.storyboard; sourceTree = "<group>"; };
		BEB0158726808ECC00195D9F /* Assets.xcassets */ = {isa = PBXFileReference; lastKnownFileType = folder.assetcatalog; path = Assets.xcassets; sourceTree = "<group>"; };
		BEB0158A26808ECC00195D9F /* Base */ = {isa = PBXFileReference; lastKnownFileType = file.storyboard; name = Base; path = Base.lproj/LaunchScreen.storyboard; sourceTree = "<group>"; };
		BEB0158C26808ECC00195D9F /* Info.plist */ = {isa = PBXFileReference; lastKnownFileType = text.plist.xml; path = Info.plist; sourceTree = "<group>"; };
		BEB0159126808ECC00195D9F /* ColorSelectorAppTests.xctest */ = {isa = PBXFileReference; explicitFileType = wrapper.cfbundle; includeInIndex = 0; path = ColorSelectorAppTests.xctest; sourceTree = BUILT_PRODUCTS_DIR; };
		BEB0159526808ECC00195D9F /* ColorSelectorAppTests.swift */ = {isa = PBXFileReference; lastKnownFileType = sourcecode.swift; path = ColorSelectorAppTests.swift; sourceTree = "<group>"; };
		BEB0159726808ECC00195D9F /* Info.plist */ = {isa = PBXFileReference; lastKnownFileType = text.plist.xml; path = Info.plist; sourceTree = "<group>"; };
		BEB0159C26808ECC00195D9F /* ColorSelectorAppUITests.xctest */ = {isa = PBXFileReference; explicitFileType = wrapper.cfbundle; includeInIndex = 0; path = ColorSelectorAppUITests.xctest; sourceTree = BUILT_PRODUCTS_DIR; };
		BEB015A026808ECC00195D9F /* ColorSelectorAppUITests.swift */ = {isa = PBXFileReference; lastKnownFileType = sourcecode.swift; path = ColorSelectorAppUITests.swift; sourceTree = "<group>"; };
		BEB015A226808ECC00195D9F /* Info.plist */ = {isa = PBXFileReference; lastKnownFileType = text.plist.xml; path = Info.plist; sourceTree = "<group>"; };
		BEB015AE2680922800195D9F /* CustomUIView.swift */ = {isa = PBXFileReference; lastKnownFileType = sourcecode.swift; path = CustomUIView.swift; sourceTree = "<group>"; };
/* End PBXFileReference section */

/* Begin PBXFrameworksBuildPhase section */
		BEB0157826808ECB00195D9F /* Frameworks */ = {
			isa = PBXFrameworksBuildPhase;
			buildActionMask = 2147483647;
			files = (
			);
			runOnlyForDeploymentPostprocessing = 0;
		};
		BEB0158E26808ECC00195D9F /* Frameworks */ = {
			isa = PBXFrameworksBuildPhase;
			buildActionMask = 2147483647;
			files = (
			);
			runOnlyForDeploymentPostprocessing = 0;
		};
		BEB0159926808ECC00195D9F /* Frameworks */ = {
			isa = PBXFrameworksBuildPhase;
			buildActionMask = 2147483647;
			files = (
			);
			runOnlyForDeploymentPostprocessing = 0;
		};
/* End PBXFrameworksBuildPhase section */

/* Begin PBXGroup section */
		BEB0157226808ECB00195D9F = {
			isa = PBXGroup;
			children = (
				BEB0157D26808ECB00195D9F /* ColorSelectorApp */,
				BEB0159426808ECC00195D9F /* ColorSelectorAppTests */,
				BEB0159F26808ECC00195D9F /* ColorSelectorAppUITests */,
				BEB0157C26808ECB00195D9F /* Products */,
			);
			sourceTree = "<group>";
		};
		BEB0157C26808ECB00195D9F /* Products */ = {
			isa = PBXGroup;
			children = (
				BEB0157B26808ECB00195D9F /* ColorSelectorApp.app */,
				BEB0159126808ECC00195D9F /* ColorSelectorAppTests.xctest */,
				BEB0159C26808ECC00195D9F /* ColorSelectorAppUITests.xctest */,
			);
			name = Products;
			sourceTree = "<group>";
		};
		BEB0157D26808ECB00195D9F /* ColorSelectorApp */ = {
			isa = PBXGroup;
			children = (
				BEB0157E26808ECB00195D9F /* AppDelegate.swift */,
				BEB0158026808ECB00195D9F /* SceneDelegate.swift */,
				BEB0158226808ECB00195D9F /* ViewController.swift */,
				BEB0158426808ECB00195D9F /* Main.storyboard */,
				BEB0158726808ECC00195D9F /* Assets.xcassets */,
				BEB0158926808ECC00195D9F /* LaunchScreen.storyboard */,
				BEB0158C26808ECC00195D9F /* Info.plist */,
				BEB015AE2680922800195D9F /* CustomUIView.swift */,
			);
			path = ColorSelectorApp;
			sourceTree = "<group>";
		};
		BEB0159426808ECC00195D9F /* ColorSelectorAppTests */ = {
			isa = PBXGroup;
			children = (
				BEB0159526808ECC00195D9F /* ColorSelectorAppTests.swift */,
				BEB0159726808ECC00195D9F /* Info.plist */,
			);
			path = ColorSelectorAppTests;
			sourceTree = "<group>";
		};
		BEB0159F26808ECC00195D9F /* ColorSelectorAppUITests */ = {
			isa = PBXGroup;
			children = (
				BEB015A026808ECC00195D9F /* ColorSelectorAppUITests.swift */,
				BEB015A226808ECC00195D9F /* Info.plist */,
			);
			path = ColorSelectorAppUITests;
			sourceTree = "<group>";
		};
/* End PBXGroup section */

/* Begin PBXNativeTarget section */
		BEB0157A26808ECB00195D9F /* ColorSelectorApp */ = {
			isa = PBXNativeTarget;
			buildConfigurationList = BEB015A526808ECC00195D9F /* Build configuration list for PBXNativeTarget "ColorSelectorApp" */;
			buildPhases = (
				BEB0157726808ECB00195D9F /* Sources */,
				BEB0157826808ECB00195D9F /* Frameworks */,
				BEB0157926808ECB00195D9F /* Resources */,
			);
			buildRules = (
			);
			dependencies = (
			);
			name = ColorSelectorApp;
			productName = ColorSelectorApp;
			productReference = BEB0157B26808ECB00195D9F /* ColorSelectorApp.app */;
			productType = "com.apple.product-type.application";
		};
		BEB0159026808ECC00195D9F /* ColorSelectorAppTests */ = {
			isa = PBXNativeTarget;
			buildConfigurationList = BEB015A826808ECC00195D9F /* Build configuration list for PBXNativeTarget "ColorSelectorAppTests" */;
			buildPhases = (
				BEB0158D26808ECC00195D9F /* Sources */,
				BEB0158E26808ECC00195D9F /* Frameworks */,
				BEB0158F26808ECC00195D9F /* Resources */,
			);
			buildRules = (
			);
			dependencies = (
				BEB0159326808ECC00195D9F /* PBXTargetDependency */,
			);
			name = ColorSelectorAppTests;
			productName = ColorSelectorAppTests;
			productReference = BEB0159126808ECC00195D9F /* ColorSelectorAppTests.xctest */;
			productType = "com.apple.product-type.bundle.unit-test";
		};
		BEB0159B26808ECC00195D9F /* ColorSelectorAppUITests */ = {
			isa = PBXNativeTarget;
			buildConfigurationList = BEB015AB26808ECC00195D9F /* Build configuration list for PBXNativeTarget "ColorSelectorAppUITests" */;
			buildPhases = (
				BEB0159826808ECC00195D9F /* Sources */,
				BEB0159926808ECC00195D9F /* Frameworks */,
				BEB0159A26808ECC00195D9F /* Resources */,
			);
			buildRules = (
			);
			dependencies = (
				BEB0159E26808ECC00195D9F /* PBXTargetDependency */,
			);
			name = ColorSelectorAppUITests;
			productName = ColorSelectorAppUITests;
			productReference = BEB0159C26808ECC00195D9F /* ColorSelectorAppUITests.xctest */;
			productType = "com.apple.product-type.bundle.ui-testing";
		};
/* End PBXNativeTarget section */

/* Begin PBXProject section */
		BEB0157326808ECB00195D9F /* Project object */ = {
			isa = PBXProject;
			attributes = {
				LastSwiftUpdateCheck = 1250;
				LastUpgradeCheck = 1250;
				TargetAttributes = {
					BEB0157A26808ECB00195D9F = {
						CreatedOnToolsVersion = 12.5;
					};
					BEB0159026808ECC00195D9F = {
						CreatedOnToolsVersion = 12.5;
						TestTargetID = BEB0157A26808ECB00195D9F;
					};
					BEB0159B26808ECC00195D9F = {
						CreatedOnToolsVersion = 12.5;
						TestTargetID = BEB0157A26808ECB00195D9F;
					};
				};
			};
			buildConfigurationList = BEB0157626808ECB00195D9F /* Build configuration list for PBXProject "ColorSelectorApp" */;
			compatibilityVersion = "Xcode 9.3";
			developmentRegion = en;
			hasScannedForEncodings = 0;
			knownRegions = (
				en,
				Base,
			);
			mainGroup = BEB0157226808ECB00195D9F;
			productRefGroup = BEB0157C26808ECB00195D9F /* Products */;
			projectDirPath = "";
			projectRoot = "";
			targets = (
				BEB0157A26808ECB00195D9F /* ColorSelectorApp */,
				BEB0159026808ECC00195D9F /* ColorSelectorAppTests */,
				BEB0159B26808ECC00195D9F /* ColorSelectorAppUITests */,
			);
		};
/* End PBXProject section */

/* Begin PBXResourcesBuildPhase section */
		BEB0157926808ECB00195D9F /* Resources */ = {
			isa = PBXResourcesBuildPhase;
			buildActionMask = 2147483647;
			files = (
				BEB0158B26808ECC00195D9F /* LaunchScreen.storyboard in Resources */,
				BEB0158826808ECC00195D9F /* Assets.xcassets in Resources */,
				BEB0158626808ECB00195D9F /* Main.storyboard in Resources */,
			);
			runOnlyForDeploymentPostprocessing = 0;
		};
		BEB0158F26808ECC00195D9F /* Resources */ = {
			isa = PBXResourcesBuildPhase;
			buildActionMask = 2147483647;
			files = (
			);
			runOnlyForDeploymentPostprocessing = 0;
		};
		BEB0159A26808ECC00195D9F /* Resources */ = {
			isa = PBXResourcesBuildPhase;
			buildActionMask = 2147483647;
			files = (
			);
			runOnlyForDeploymentPostprocessing = 0;
		};
/* End PBXResourcesBuildPhase section */

/* Begin PBXSourcesBuildPhase section */
		BEB0157726808ECB00195D9F /* Sources */ = {
			isa = PBXSourcesBuildPhase;
			buildActionMask = 2147483647;
			files = (
				BEB0158326808ECB00195D9F /* ViewController.swift in Sources */,
				BEB015AF2680922800195D9F /* CustomUIView.swift in Sources */,
				BEB0157F26808ECB00195D9F /* AppDelegate.swift in Sources */,
				BEB0158126808ECB00195D9F /* SceneDelegate.swift in Sources */,
			);
			runOnlyForDeploymentPostprocessing = 0;
		};
		BEB0158D26808ECC00195D9F /* Sources */ = {
			isa = PBXSourcesBuildPhase;
			buildActionMask = 2147483647;
			files = (
				BEB0159626808ECC00195D9F /* ColorSelectorAppTests.swift in Sources */,
			);
			runOnlyForDeploymentPostprocessing = 0;
		};
		BEB0159826808ECC00195D9F /* Sources */ = {
			isa = PBXSourcesBuildPhase;
			buildActionMask = 2147483647;
			files = (
				BEB015A126808ECC00195D9F /* ColorSelectorAppUITests.swift in Sources */,
			);
			runOnlyForDeploymentPostprocessing = 0;
		};
/* End PBXSourcesBuildPhase section */

/* Begin PBXTargetDependency section */
		BEB0159326808ECC00195D9F /* PBXTargetDependency */ = {
			isa = PBXTargetDependency;
			target = BEB0157A26808ECB00195D9F /* ColorSelectorApp */;
			targetProxy = BEB0159226808ECC00195D9F /* PBXContainerItemProxy */;
		};
		BEB0159E26808ECC00195D9F /* PBXTargetDependency */ = {
			isa = PBXTargetDependency;
			target = BEB0157A26808ECB00195D9F /* ColorSelectorApp */;
			targetProxy = BEB0159D26808ECC00195D9F /* PBXContainerItemProxy */;
		};
/* End PBXTargetDependency section */

/* Begin PBXVariantGroup section */
		BEB0158426808ECB00195D9F /* Main.storyboard */ = {
			isa = PBXVariantGroup;
			children = (
				BEB0158526808ECB00195D9F /* Base */,
			);
			name = Main.storyboard;
			sourceTree = "<group>";
		};
		BEB0158926808ECC00195D9F /* LaunchScreen.storyboard */ = {
			isa = PBXVariantGroup;
			children = (
				BEB0158A26808ECC00195D9F /* Base */,
			);
			name = LaunchScreen.storyboard;
			sourceTree = "<group>";
		};
/* End PBXVariantGroup section */

/* Begin XCBuildConfiguration section */
		BEB015A326808ECC00195D9F /* Debug */ = {
			isa = XCBuildConfiguration;
			buildSettings = {
				ALWAYS_SEARCH_USER_PATHS = NO;
				CLANG_ANALYZER_NONNULL = YES;
				CLANG_ANALYZER_NUMBER_OBJECT_CONVERSION = YES_AGGRESSIVE;
				CLANG_CXX_LANGUAGE_STANDARD = "gnu++14";
				CLANG_CXX_LIBRARY = "libc++";
				CLANG_ENABLE_MODULES = YES;
				CLANG_ENABLE_OBJC_ARC = YES;
				CLANG_ENABLE_OBJC_WEAK = YES;
				CLANG_WARN_BLOCK_CAPTURE_AUTORELEASING = YES;
				CLANG_WARN_BOOL_CONVERSION = YES;
				CLANG_WARN_COMMA = YES;
				CLANG_WARN_CONSTANT_CONVERSION = YES;
				CLANG_WARN_DEPRECATED_OBJC_IMPLEMENTATIONS = YES;
				CLANG_WARN_DIRECT_OBJC_ISA_USAGE = YES_ERROR;
				CLANG_WARN_DOCUMENTATION_COMMENTS = YES;
				CLANG_WARN_EMPTY_BODY = YES;
				CLANG_WARN_ENUM_CONVERSION = YES;
				CLANG_WARN_INFINITE_RECURSION = YES;
				CLANG_WARN_INT_CONVERSION = YES;
				CLANG_WARN_NON_LITERAL_NULL_CONVERSION = YES;
				CLANG_WARN_OBJC_IMPLICIT_RETAIN_SELF = YES;
				CLANG_WARN_OBJC_LITERAL_CONVERSION = YES;
				CLANG_WARN_OBJC_ROOT_CLASS = YES_ERROR;
				CLANG_WARN_QUOTED_INCLUDE_IN_FRAMEWORK_HEADER = YES;
				CLANG_WARN_RANGE_LOOP_ANALYSIS = YES;
				CLANG_WARN_STRICT_PROTOTYPES = YES;
				CLANG_WARN_SUSPICIOUS_MOVE = YES;
				CLANG_WARN_UNGUARDED_AVAILABILITY = YES_AGGRESSIVE;
				CLANG_WARN_UNREACHABLE_CODE = YES;
				CLANG_WARN__DUPLICATE_METHOD_MATCH = YES;
				COPY_PHASE_STRIP = NO;
				DEBUG_INFORMATION_FORMAT = dwarf;
				ENABLE_STRICT_OBJC_MSGSEND = YES;
				ENABLE_TESTABILITY = YES;
				GCC_C_LANGUAGE_STANDARD = gnu11;
				GCC_DYNAMIC_NO_PIC = NO;
				GCC_NO_COMMON_BLOCKS = YES;
				GCC_OPTIMIZATION_LEVEL = 0;
				GCC_PREPROCESSOR_DEFINITIONS = (
					"DEBUG=1",
					"$(inherited)",
				);
				GCC_WARN_64_TO_32_BIT_CONVERSION = YES;
				GCC_WARN_ABOUT_RETURN_TYPE = YES_ERROR;
				GCC_WARN_UNDECLARED_SELECTOR = YES;
				GCC_WARN_UNINITIALIZED_AUTOS = YES_AGGRESSIVE;
				GCC_WARN_UNUSED_FUNCTION = YES;
				GCC_WARN_UNUSED_VARIABLE = YES;
				IPHONEOS_DEPLOYMENT_TARGET = 14.5;
				MTL_ENABLE_DEBUG_INFO = INCLUDE_SOURCE;
				MTL_FAST_MATH = YES;
				ONLY_ACTIVE_ARCH = YES;
				SDKROOT = iphoneos;
				SWIFT_ACTIVE_COMPILATION_CONDITIONS = DEBUG;
				SWIFT_OPTIMIZATION_LEVEL = "-Onone";
			};
			name = Debug;
		};
		BEB015A426808ECC00195D9F /* Release */ = {
			isa = XCBuildConfiguration;
			buildSettings = {
				ALWAYS_SEARCH_USER_PATHS = NO;
				CLANG_ANALYZER_NONNULL = YES;
				CLANG_ANALYZER_NUMBER_OBJECT_CONVERSION = YES_AGGRESSIVE;
				CLANG_CXX_LANGUAGE_STANDARD = "gnu++14";
				CLANG_CXX_LIBRARY = "libc++";
				CLANG_ENABLE_MODULES = YES;
				CLANG_ENABLE_OBJC_ARC = YES;
				CLANG_ENABLE_OBJC_WEAK = YES;
				CLANG_WARN_BLOCK_CAPTURE_AUTORELEASING = YES;
				CLANG_WARN_BOOL_CONVERSION = YES;
				CLANG_WARN_COMMA = YES;
				CLANG_WARN_CONSTANT_CONVERSION = YES;
				CLANG_WARN_DEPRECATED_OBJC_IMPLEMENTATIONS = YES;
				CLANG_WARN_DIRECT_OBJC_ISA_USAGE = YES_ERROR;
				CLANG_WARN_DOCUMENTATION_COMMENTS = YES;
				CLANG_WARN_EMPTY_BODY = YES;
				CLANG_WARN_ENUM_CONVERSION = YES;
				CLANG_WARN_INFINITE_RECURSION = YES;
				CLANG_WARN_INT_CONVERSION = YES;
				CLANG_WARN_NON_LITERAL_NULL_CONVERSION = YES;
				CLANG_WARN_OBJC_IMPLICIT_RETAIN_SELF = YES;
				CLANG_WARN_OBJC_LITERAL_CONVERSION = YES;
				CLANG_WARN_OBJC_ROOT_CLASS = YES_ERROR;
				CLANG_WARN_QUOTED_INCLUDE_IN_FRAMEWORK_HEADER = YES;
				CLANG_WARN_RANGE_LOOP_ANALYSIS = YES;
				CLANG_WARN_STRICT_PROTOTYPES = YES;
				CLANG_WARN_SUSPICIOUS_MOVE = YES;
				CLANG_WARN_UNGUARDED_AVAILABILITY = YES_AGGRESSIVE;
				CLANG_WARN_UNREACHABLE_CODE = YES;
				CLANG_WARN__DUPLICATE_METHOD_MATCH = YES;
				COPY_PHASE_STRIP = NO;
				DEBUG_INFORMATION_FORMAT = "dwarf-with-dsym";
				ENABLE_NS_ASSERTIONS = NO;
				ENABLE_STRICT_OBJC_MSGSEND = YES;
				GCC_C_LANGUAGE_STANDARD = gnu11;
				GCC_NO_COMMON_BLOCKS = YES;
				GCC_WARN_64_TO_32_BIT_CONVERSION = YES;
				GCC_WARN_ABOUT_RETURN_TYPE = YES_ERROR;
				GCC_WARN_UNDECLARED_SELECTOR = YES;
				GCC_WARN_UNINITIALIZED_AUTOS = YES_AGGRESSIVE;
				GCC_WARN_UNUSED_FUNCTION = YES;
				GCC_WARN_UNUSED_VARIABLE = YES;
				IPHONEOS_DEPLOYMENT_TARGET = 14.5;
				MTL_ENABLE_DEBUG_INFO = NO;
				MTL_FAST_MATH = YES;
				SDKROOT = iphoneos;
				SWIFT_COMPILATION_MODE = wholemodule;
				SWIFT_OPTIMIZATION_LEVEL = "-O";
				VALIDATE_PRODUCT = YES;
			};
			name = Release;
		};
		BEB015A626808ECC00195D9F /* Debug */ = {
			isa = XCBuildConfiguration;
			buildSettings = {
				ASSETCATALOG_COMPILER_APPICON_NAME = AppIcon;
				ASSETCATALOG_COMPILER_GLOBAL_ACCENT_COLOR_NAME = AccentColor;
				CODE_SIGN_STYLE = Automatic;
				INFOPLIST_FILE = ColorSelectorApp/Info.plist;
				LD_RUNPATH_SEARCH_PATHS = (
					"$(inherited)",
					"@executable_path/Frameworks",
				);
				PRODUCT_BUNDLE_IDENTIFIER = "com.ken1427.ios-app.ColorSelectorApp";
				PRODUCT_NAME = "$(TARGET_NAME)";
				SWIFT_VERSION = 5.0;
				TARGETED_DEVICE_FAMILY = 1;
			};
			name = Debug;
		};
		BEB015A726808ECC00195D9F /* Release */ = {
			isa = XCBuildConfiguration;
			buildSettings = {
				ASSETCATALOG_COMPILER_APPICON_NAME = AppIcon;
				ASSETCATALOG_COMPILER_GLOBAL_ACCENT_COLOR_NAME = AccentColor;
				CODE_SIGN_STYLE = Automatic;
				INFOPLIST_FILE = ColorSelectorApp/Info.plist;
				LD_RUNPATH_SEARCH_PATHS = (
					"$(inherited)",
					"@executable_path/Frameworks",
				);
				PRODUCT_BUNDLE_IDENTIFIER = "com.ken1427.ios-app.ColorSelectorApp";
				PRODUCT_NAME = "$(TARGET_NAME)";
				SWIFT_VERSION = 5.0;
				TARGETED_DEVICE_FAMILY = 1;
			};
			name = Release;
		};
		BEB015A926808ECC00195D9F /* Debug */ = {
			isa = XCBuildConfiguration;
			buildSettings = {
				ALWAYS_EMBED_SWIFT_STANDARD_LIBRARIES = YES;
				BUNDLE_LOADER = "$(TEST_HOST)";
				CODE_SIGN_STYLE = Automatic;
				INFOPLIST_FILE = ColorSelectorAppTests/Info.plist;
				IPHONEOS_DEPLOYMENT_TARGET = 14.5;
				LD_RUNPATH_SEARCH_PATHS = (
					"$(inherited)",
					"@executable_path/Frameworks",
					"@loader_path/Frameworks",
				);
				PRODUCT_BUNDLE_IDENTIFIER = "com.ken1427.ios-app.ColorSelectorAppTests";
				PRODUCT_NAME = "$(TARGET_NAME)";
				SWIFT_VERSION = 5.0;
				TARGETED_DEVICE_FAMILY = "1,2";
				TEST_HOST = "$(BUILT_PRODUCTS_DIR)/ColorSelectorApp.app/ColorSelectorApp";
			};
			name = Debug;
		};
		BEB015AA26808ECC00195D9F /* Release */ = {
			isa = XCBuildConfiguration;
			buildSettings = {
				ALWAYS_EMBED_SWIFT_STANDARD_LIBRARIES = YES;
				BUNDLE_LOADER = "$(TEST_HOST)";
				CODE_SIGN_STYLE = Automatic;
				INFOPLIST_FILE = ColorSelectorAppTests/Info.plist;
				IPHONEOS_DEPLOYMENT_TARGET = 14.5;
				LD_RUNPATH_SEARCH_PATHS = (
					"$(inherited)",
					"@executable_path/Frameworks",
					"@loader_path/Frameworks",
				);
				PRODUCT_BUNDLE_IDENTIFIER = "com.ken1427.ios-app.ColorSelectorAppTests";
				PRODUCT_NAME = "$(TARGET_NAME)";
				SWIFT_VERSION = 5.0;
				TARGETED_DEVICE_FAMILY = "1,2";
				TEST_HOST = "$(BUILT_PRODUCTS_DIR)/ColorSelectorApp.app/ColorSelectorApp";
			};
			name = Release;
		};
		BEB015AC26808ECC00195D9F /* Debug */ = {
			isa = XCBuildConfiguration;
			buildSettings = {
				ALWAYS_EMBED_SWIFT_STANDARD_LIBRARIES = YES;
				CODE_SIGN_STYLE = Automatic;
				INFOPLIST_FILE = ColorSelectorAppUITests/Info.plist;
				LD_RUNPATH_SEARCH_PATHS = (
					"$(inherited)",
					"@executable_path/Frameworks",
					"@loader_path/Frameworks",
				);
				PRODUCT_BUNDLE_IDENTIFIER = "com.ken1427.ios-app.ColorSelectorAppUITests";
				PRODUCT_NAME = "$(TARGET_NAME)";
				SWIFT_VERSION = 5.0;
				TARGETED_DEVICE_FAMILY = "1,2";
				TEST_TARGET_NAME = ColorSelectorApp;
			};
			name = Debug;
		};
		BEB015AD26808ECC00195D9F /* Release */ = {
			isa = XCBuildConfiguration;
			buildSettings = {
				ALWAYS_EMBED_SWIFT_STANDARD_LIBRARIES = YES;
				CODE_SIGN_STYLE = Automatic;
				INFOPLIST_FILE = ColorSelectorAppUITests/Info.plist;
				LD_RUNPATH_SEARCH_PATHS = (
					"$(inherited)",
					"@executable_path/Frameworks",
					"@loader_path/Frameworks",
				);
				PRODUCT_BUNDLE_IDENTIFIER = "com.ken1427.ios-app.ColorSelectorAppUITests";
				PRODUCT_NAME = "$(TARGET_NAME)";
				SWIFT_VERSION = 5.0;
				TARGETED_DEVICE_FAMILY = "1,2";
				TEST_TARGET_NAME = ColorSelectorApp;
			};
			name = Release;
		};
/* End XCBuildConfiguration section */

/* Begin XCConfigurationList section */
		BEB0157626808ECB00195D9F /* Build configuration list for PBXProject "ColorSelectorApp" */ = {
			isa = XCConfigurationList;
			buildConfigurations = (
				BEB015A326808ECC00195D9F /* Debug */,
				BEB015A426808ECC00195D9F /* Release */,
			);
			defaultConfigurationIsVisible = 0;
			defaultConfigurationName = Release;
		};
		BEB015A526808ECC00195D9F /* Build configuration list for PBXNativeTarget "ColorSelectorApp" */ = {
			isa = XCConfigurationList;
			buildConfigurations = (
				BEB015A626808ECC00195D9F /* Debug */,
				BEB015A726808ECC00195D9F /* Release */,
			);
			defaultConfigurationIsVisible = 0;
			defaultConfigurationName = Release;
		};
		BEB015A826808ECC00195D9F /* Build configuration list for PBXNativeTarget "ColorSelectorAppTests" */ = {
			isa = XCConfigurationList;
			buildConfigurations = (
				BEB015A926808ECC00195D9F /* Debug */,
				BEB015AA26808ECC00195D9F /* Release */,
			);
			defaultConfigurationIsVisible = 0;
			defaultConfigurationName = Release;
		};
		BEB015AB26808ECC00195D9F /* Build configuration list for PBXNativeTarget "ColorSelectorAppUITests" */ = {
			isa = XCConfigurationList;
			buildConfigurations = (
				BEB015AC26808ECC00195D9F /* Debug */,
				BEB015AD26808ECC00195D9F /* Release */,
			);
			defaultConfigurationIsVisible = 0;
			defaultConfigurationName = Release;
		};
/* End XCConfigurationList section */
	};
	rootObject = BEB0157326808ECB00195D9F /* Project object */;
}
